{
  "version": 4,
  "terraform_version": "1.5.4",
  "serial": 3,
  "lineage": "835d3f09-4e57-5292-4f86-fa194ef71f75",
  "outputs": {},
  "resources": [
    {
      "mode": "managed",
      "type": "github_repository",
      "name": "terraform",
      "provider": "provider[\"registry.terraform.io/hashicorp/github\"]",
      "instances": [
        {
          "schema_version": 1,
          "attributes": {
            "allow_auto_merge": false,
            "allow_merge_commit": true,
            "allow_rebase_merge": true,
            "allow_squash_merge": true,
            "allow_update_branch": false,
            "archive_on_destroy": null,
            "archived": false,
            "auto_init": true,
            "default_branch": "main",
            "delete_branch_on_merge": false,
            "description": "Repository for managing AWS Infrastructure as Code (IAC) using Terraform.",
            "etag": "W/\"28f30fdf4bdda02117eba2d32313293835dace82eeef7ec17f959ca361098bbe\"",
            "full_name": "abhijeet4022/terraform",
            "git_clone_url": "git://github.com/abhijeet4022/terraform.git",
            "gitignore_template": null,
            "has_discussions": false,
            "has_downloads": false,
            "has_issues": false,
            "has_projects": false,
            "has_wiki": false,
            "homepage_url": "",
            "html_url": "https://github.com/abhijeet4022/terraform",
            "http_clone_url": "https://github.com/abhijeet4022/terraform.git",
            "id": "terraform",
            "ignore_vulnerability_alerts_during_read": null,
            "is_template": false,
            "license_template": null,
            "merge_commit_message": "PR_TITLE",
            "merge_commit_title": "MERGE_MESSAGE",
            "name": "terraform",
            "node_id": "R_kgDOKG42RQ",
            "pages": [],
            "private": false,
            "repo_id": 678311493,
            "security_and_analysis": [
              {
                "advanced_security": [],
                "secret_scanning": [
                  {
                    "status": "disabled"
                  }
                ],
                "secret_scanning_push_protection": [
                  {
                    "status": "disabled"
                  }
                ]
              }
            ],
            "squash_merge_commit_message": "COMMIT_MESSAGES",
            "squash_merge_commit_title": "COMMIT_OR_PR_TITLE",
            "ssh_clone_url": "git@github.com:abhijeet4022/terraform.git",
            "svn_url": "https://github.com/abhijeet4022/terraform",
            "template": [],
            "topics": null,
            "visibility": "public",
            "vulnerability_alerts": false
          },
          "sensitive_attributes": [],
          "private": "eyJzY2hlbWFfdmVyc2lvbiI6IjEifQ=="
        }
      ]
    }
  ],
  "check_results": null
}
